{
  "name": "@flares-llc/agents",
  "version": "0.0.11",
  "lockfileVersion": 3,
  "requires": true,
  "packages": {
    "": {
      "name": "@flares-llc/agents",
      "version": "0.0.11",
      "hasInstallScript": true,
      "license": "UNLICENSED",
      "bin": {
        "flares-agents": "scripts/install-package.js"
      }
    }
  }
}
